
Microsoft Visual Studio Solution File, Format Version 12.00
# Visual Studio Version 17
VisualStudioVersion = 17.3.32922.545
MinimumVisualStudioVersion = 10.0.40219.1
Project("{FAE04EC0-301F-11D3-BF4B-00C04F79EFBC}") = "WindowsFormsApp1", "WindowsFormsApp1\WindowsFormsApp1.csproj", "{386A413F-23A8-43E2-B3B4-88075AB1243D}"
EndProject
Global
	GlobalSection(SolutionConfigurationPlatforms) = preSolution
		Debug|Any CPU = Debug|Any CPU
		Release|Any CPU = Release|Any CPU
	EndGlobalSection
	GlobalSection(ProjectConfigurationPlatforms) = postSolution
		{386A413F-23A8-43E2-B3B4-88075AB1243D}.Debug|Any CPU.ActiveCfg = Debug|Any CPU
		{386A413F-23A8-43E2-B3B4-88075AB1243D}.Debug|Any CPU.Build.0 = Debug|Any CPU
		{386A413F-23A8-43E2-B3B4-88075AB1243D}.Release|Any CPU.ActiveCfg = Release|Any CPU
		{386A413F-23A8-43E2-B3B4-88075AB1243D}.Release|Any CPU.Build.0 = Release|Any CPU
	EndGlobalSection
	GlobalSection(SolutionProperties) = preSolution
		HideSolutionNode = FALSE
	EndGlobalSection
	GlobalSection(ExtensibilityGlobals) = postSolution
		SolutionGuid = {69993A55-2BED-4BD2-A1B6-49CD05557F99}
	EndGlobalSection
EndGlobal
